// !$*UTF8*$!
{
	archiveVersion = 1;
	classes = {
	};
	objectVersion = 55;
	objects = {

/* Begin PBXBuildFile section */
		1F901EC528635E3B00313336 /* AppDelegate.m in Sources */ = {isa = PBXBuildFile; fileRef = 1F901EC428635E3B00313336 /* AppDelegate.m */; };
		1F901EC828635E3B00313336 /* SceneDelegate.m in Sources */ = {isa = PBXBuildFile; fileRef = 1F901EC728635E3B00313336 /* SceneDelegate.m */; };
		1F901ECB28635E3B00313336 /* ViewController.m in Sources */ = {isa = PBXBuildFile; fileRef = 1F901ECA28635E3B00313336 /* ViewController.m */; };
		1F901ECE28635E3B00313336 /* Main.storyboard in Resources */ = {isa = PBXBuildFile; fileRef = 1F901ECC28635E3B00313336 /* Main.storyboard */; };
		1F901ED128635E3B00313336 /* native_rn_demo.xcdatamodeld in Sources */ = {isa = PBXBuildFile; fileRef = 1F901ECF28635E3B00313336 /* native_rn_demo.xcdatamodeld */; };
		1F901ED328635E3D00313336 /* Assets.xcassets in Resources */ = {isa = PBXBuildFile; fileRef = 1F901ED228635E3D00313336 /* Assets.xcassets */; };
		1F901ED628635E3D00313336 /* LaunchScreen.storyboard in Resources */ = {isa = PBXBuildFile; fileRef = 1F901ED428635E3D00313336 /* LaunchScreen.storyboard */; };
		1F901ED928635E3D00313336 /* main.m in Sources */ = {isa = PBXBuildFile; fileRef = 1F901ED828635E3D00313336 /* main.m */; };
		1FBAC726286600C2003220A2 /* HLRnRouterManager.m in Sources */ = {isa = PBXBuildFile; fileRef = 1FBAC725286600C2003220A2 /* HLRnRouterManager.m */; };
		1FBAC72D28660417003220A2 /* NavigationManager.m in Sources */ = {isa = PBXBuildFile; fileRef = 1FBAC72C28660417003220A2 /* NavigationManager.m */; };
		ECD282436E7C193285A46165 /* libPods-native_rn_demo.a in Frameworks */ = {isa = PBXBuildFile; fileRef = 8CE0C6C282B451BA851808F7 /* libPods-native_rn_demo.a */; };
/* End PBXBuildFile section */

/* Begin PBXFileReference section */
		1F901EC028635E3B00313336 /* native_rn_demo.app */ = {isa = PBXFileReference; explicitFileType = wrapper.application; includeInIndex = 0; path = native_rn_demo.app; sourceTree = BUILT_PRODUCTS_DIR; };
		1F901EC328635E3B00313336 /* AppDelegate.h */ = {isa = PBXFileReference; lastKnownFileType = sourcecode.c.h; path = AppDelegate.h; sourceTree = "<group>"; };
		1F901EC428635E3B00313336 /* AppDelegate.m */ = {isa = PBXFileReference; lastKnownFileType = sourcecode.c.objc; path = AppDelegate.m; sourceTree = "<group>"; };
		1F901EC628635E3B00313336 /* SceneDelegate.h */ = {isa = PBXFileReference; lastKnownFileType = sourcecode.c.h; path = SceneDelegate.h; sourceTree = "<group>"; };
		1F901EC728635E3B00313336 /* SceneDelegate.m */ = {isa = PBXFileReference; lastKnownFileType = sourcecode.c.objc; path = SceneDelegate.m; sourceTree = "<group>"; };
		1F901EC928635E3B00313336 /* ViewController.h */ = {isa = PBXFileReference; lastKnownFileType = sourcecode.c.h; path = ViewController.h; sourceTree = "<group>"; };
		1F901ECA28635E3B00313336 /* ViewController.m */ = {isa = PBXFileReference; lastKnownFileType = sourcecode.c.objc; path = ViewController.m; sourceTree = "<group>"; };
		1F901ECD28635E3B00313336 /* Base */ = {isa = PBXFileReference; lastKnownFileType = file.storyboard; name = Base; path = Base.lproj/Main.storyboard; sourceTree = "<group>"; };
		1F901ED028635E3B00313336 /* native_rn_demo.xcdatamodel */ = {isa = PBXFileReference; lastKnownFileType = wrapper.xcdatamodel; path = native_rn_demo.xcdatamodel; sourceTree = "<group>"; };
		1F901ED228635E3D00313336 /* Assets.xcassets */ = {isa = PBXFileReference; lastKnownFileType = folder.assetcatalog; path = Assets.xcassets; sourceTree = "<group>"; };
		1F901ED528635E3D00313336 /* Base */ = {isa = PBXFileReference; lastKnownFileType = file.storyboard; name = Base; path = Base.lproj/LaunchScreen.storyboard; sourceTree = "<group>"; };
		1F901ED728635E3D00313336 /* Info.plist */ = {isa = PBXFileReference; lastKnownFileType = text.plist.xml; path = Info.plist; sourceTree = "<group>"; };
		1F901ED828635E3D00313336 /* main.m */ = {isa = PBXFileReference; lastKnownFileType = sourcecode.c.objc; path = main.m; sourceTree = "<group>"; };
		1FBAC724286600C2003220A2 /* HLRnRouterManager.h */ = {isa = PBXFileReference; lastKnownFileType = sourcecode.c.h; path = HLRnRouterManager.h; sourceTree = "<group>"; };
		1FBAC725286600C2003220A2 /* HLRnRouterManager.m */ = {isa = PBXFileReference; lastKnownFileType = sourcecode.c.objc; path = HLRnRouterManager.m; sourceTree = "<group>"; };
		1FBAC72B28660417003220A2 /* NavigationManager.h */ = {isa = PBXFileReference; lastKnownFileType = sourcecode.c.h; path = NavigationManager.h; sourceTree = "<group>"; };
		1FBAC72C28660417003220A2 /* NavigationManager.m */ = {isa = PBXFileReference; lastKnownFileType = sourcecode.c.objc; path = NavigationManager.m; sourceTree = "<group>"; };
		8CE0C6C282B451BA851808F7 /* libPods-native_rn_demo.a */ = {isa = PBXFileReference; explicitFileType = archive.ar; includeInIndex = 0; path = "libPods-native_rn_demo.a"; sourceTree = BUILT_PRODUCTS_DIR; };
		E65632DF28386F0CF4A85275 /* Pods-native_rn_demo.debug.xcconfig */ = {isa = PBXFileReference; includeInIndex = 1; lastKnownFileType = text.xcconfig; name = "Pods-native_rn_demo.debug.xcconfig"; path = "Target Support Files/Pods-native_rn_demo/Pods-native_rn_demo.debug.xcconfig"; sourceTree = "<group>"; };
		F007E11908C602A418887850 /* Pods-native_rn_demo.release.xcconfig */ = {isa = PBXFileReference; includeInIndex = 1; lastKnownFileType = text.xcconfig; name = "Pods-native_rn_demo.release.xcconfig"; path = "Target Support Files/Pods-native_rn_demo/Pods-native_rn_demo.release.xcconfig"; sourceTree = "<group>"; };
/* End PBXFileReference section */

/* Begin PBXFrameworksBuildPhase section */
		1F901EBD28635E3B00313336 /* Frameworks */ = {
			isa = PBXFrameworksBuildPhase;
			buildActionMask = 2147483647;
			files = (
				ECD282436E7C193285A46165 /* libPods-native_rn_demo.a in Frameworks */,
			);
			runOnlyForDeploymentPostprocessing = 0;
		};
/* End PBXFrameworksBuildPhase section */

/* Begin PBXGroup section */
		1F901EB728635E3B00313336 = {
			isa = PBXGroup;
			children = (
				1F901EC228635E3B00313336 /* native_rn_demo */,
				1F901EC128635E3B00313336 /* Products */,
				248816E2616070913A174ED8 /* Pods */,
				9B8222EDD7B2584EF5E26ECA /* Frameworks */,
			);
			sourceTree = "<group>";
		};
		1F901EC128635E3B00313336 /* Products */ = {
			isa = PBXGroup;
			children = (
				1F901EC028635E3B00313336 /* native_rn_demo.app */,
			);
			name = Products;
			sourceTree = "<group>";
		};
		1F901EC228635E3B00313336 /* native_rn_demo */ = {
			isa = PBXGroup;
			children = (
				1FBAC72728660382003220A2 /* Utils */,
				1FBAC72028660046003220A2 /* Router */,
				1F901EC328635E3B00313336 /* AppDelegate.h */,
				1F901EC428635E3B00313336 /* AppDelegate.m */,
				1F901EC628635E3B00313336 /* SceneDelegate.h */,
				1F901EC728635E3B00313336 /* SceneDelegate.m */,
				1F901EC928635E3B00313336 /* ViewController.h */,
				1F901ECA28635E3B00313336 /* ViewController.m */,
				1F901ECC28635E3B00313336 /* Main.storyboard */,
				1F901ED228635E3D00313336 /* Assets.xcassets */,
				1F901ED428635E3D00313336 /* LaunchScreen.storyboard */,
				1F901ED728635E3D00313336 /* Info.plist */,
				1F901ED828635E3D00313336 /* main.m */,
				1F901ECF28635E3B00313336 /* native_rn_demo.xcdatamodeld */,
			);
			path = native_rn_demo;
			sourceTree = "<group>";
		};
		1FBAC72028660046003220A2 /* Router */ = {
			isa = PBXGroup;
			children = (
				1FBAC724286600C2003220A2 /* HLRnRouterManager.h */,
				1FBAC725286600C2003220A2 /* HLRnRouterManager.m */,
			);
			path = Router;
			sourceTree = "<group>";
		};
		1FBAC72728660382003220A2 /* Utils */ = {
			isa = PBXGroup;
			children = (
				1FBAC7282866038F003220A2 /* Navigation */,
			);
			path = Utils;
			sourceTree = "<group>";
		};
		1FBAC7282866038F003220A2 /* Navigation */ = {
			isa = PBXGroup;
			children = (
				1FBAC72B28660417003220A2 /* NavigationManager.h */,
				1FBAC72C28660417003220A2 /* NavigationManager.m */,
			);
			path = Navigation;
			sourceTree = "<group>";
		};
		248816E2616070913A174ED8 /* Pods */ = {
			isa = PBXGroup;
			children = (
				E65632DF28386F0CF4A85275 /* Pods-native_rn_demo.debug.xcconfig */,
				F007E11908C602A418887850 /* Pods-native_rn_demo.release.xcconfig */,
			);
			path = Pods;
			sourceTree = "<group>";
		};
		9B8222EDD7B2584EF5E26ECA /* Frameworks */ = {
			isa = PBXGroup;
			children = (
				8CE0C6C282B451BA851808F7 /* libPods-native_rn_demo.a */,
			);
			name = Frameworks;
			sourceTree = "<group>";
		};
/* End PBXGroup section */

/* Begin PBXNativeTarget section */
		1F901EBF28635E3B00313336 /* native_rn_demo */ = {
			isa = PBXNativeTarget;
			buildConfigurationList = 1F901EDC28635E3D00313336 /* Build configuration list for PBXNativeTarget "native_rn_demo" */;
			buildPhases = (
				9D9610997A73551EE8287FCA /* [CP] Check Pods Manifest.lock */,
				1F901EBC28635E3B00313336 /* Sources */,
				1F901EBD28635E3B00313336 /* Frameworks */,
				1F901EBE28635E3B00313336 /* Resources */,
				DF69509301E0627985BAB528 /* [CP] Embed Pods Frameworks */,
				6A0D88A9E2EA43D9EF4A7242 /* [CP] Copy Pods Resources */,
			);
			buildRules = (
			);
			dependencies = (
			);
			name = native_rn_demo;
			productName = native_rn_demo;
			productReference = 1F901EC028635E3B00313336 /* native_rn_demo.app */;
			productType = "com.apple.product-type.application";
		};
/* End PBXNativeTarget section */

/* Begin PBXProject section */
		1F901EB828635E3B00313336 /* Project object */ = {
			isa = PBXProject;
			attributes = {
				BuildIndependentTargetsInParallel = 1;
				LastUpgradeCheck = 1340;
				TargetAttributes = {
					1F901EBF28635E3B00313336 = {
						CreatedOnToolsVersion = 13.4;
					};
				};
			};
			buildConfigurationList = 1F901EBB28635E3B00313336 /* Build configuration list for PBXProject "native_rn_demo" */;
			compatibilityVersion = "Xcode 13.0";
			developmentRegion = en;
			hasScannedForEncodings = 0;
			knownRegions = (
				en,
				Base,
			);
			mainGroup = 1F901EB728635E3B00313336;
			productRefGroup = 1F901EC128635E3B00313336 /* Products */;
			projectDirPath = "";
			projectRoot = "";
			targets = (
				1F901EBF28635E3B00313336 /* native_rn_demo */,
			);
		};
/* End PBXProject section */

/* Begin PBXResourcesBuildPhase section */
		1F901EBE28635E3B00313336 /* Resources */ = {
			isa = PBXResourcesBuildPhase;
			buildActionMask = 2147483647;
			files = (
				1F901ED628635E3D00313336 /* LaunchScreen.storyboard in Resources */,
				1F901ED328635E3D00313336 /* Assets.xcassets in Resources */,
				1F901ECE28635E3B00313336 /* Main.storyboard in Resources */,
			);
			runOnlyForDeploymentPostprocessing = 0;
		};
/* End PBXResourcesBuildPhase section */

/* Begin PBXShellScriptBuildPhase section */
		6A0D88A9E2EA43D9EF4A7242 /* [CP] Copy Pods Resources */ = {
			isa = PBXShellScriptBuildPhase;
			buildActionMask = 2147483647;
			files = (
			);
			inputFileListPaths = (
				"${PODS_ROOT}/Target Support Files/Pods-native_rn_demo/Pods-native_rn_demo-resources-${CONFIGURATION}-input-files.xcfilelist",
			);
			name = "[CP] Copy Pods Resources";
			outputFileListPaths = (
				"${PODS_ROOT}/Target Support Files/Pods-native_rn_demo/Pods-native_rn_demo-resources-${CONFIGURATION}-output-files.xcfilelist",
			);
			runOnlyForDeploymentPostprocessing = 0;
			shellPath = /bin/sh;
			shellScript = "\"${PODS_ROOT}/Target Support Files/Pods-native_rn_demo/Pods-native_rn_demo-resources.sh\"\n";
			showEnvVarsInLog = 0;
		};
		9D9610997A73551EE8287FCA /* [CP] Check Pods Manifest.lock */ = {
			isa = PBXShellScriptBuildPhase;
			buildActionMask = 2147483647;
			files = (
			);
			inputFileListPaths = (
			);
			inputPaths = (
				"${PODS_PODFILE_DIR_PATH}/Podfile.lock",
				"${PODS_ROOT}/Manifest.lock",
			);
			name = "[CP] Check Pods Manifest.lock";
			outputFileListPaths = (
			);
			outputPaths = (
				"$(DERIVED_FILE_DIR)/Pods-native_rn_demo-checkManifestLockResult.txt",
			);
			runOnlyForDeploymentPostprocessing = 0;
			shellPath = /bin/sh;
			shellScript = "diff \"${PODS_PODFILE_DIR_PATH}/Podfile.lock\" \"${PODS_ROOT}/Manifest.lock\" > /dev/null\nif [ $? != 0 ] ; then\n    # print error to STDERR\n    echo \"error: The sandbox is not in sync with the Podfile.lock. Run 'pod install' or update your CocoaPods installation.\" >&2\n    exit 1\nfi\n# This output is used by Xcode 'outputs' to avoid re-running this script phase.\necho \"SUCCESS\" > \"${SCRIPT_OUTPUT_FILE_0}\"\n";
			showEnvVarsInLog = 0;
		};
		DF69509301E0627985BAB528 /* [CP] Embed Pods Frameworks */ = {
			isa = PBXShellScriptBuildPhase;
			buildActionMask = 2147483647;
			files = (
			);
			inputFileListPaths = (
				"${PODS_ROOT}/Target Support Files/Pods-native_rn_demo/Pods-native_rn_demo-frameworks-${CONFIGURATION}-input-files.xcfilelist",
			);
			name = "[CP] Embed Pods Frameworks";
			outputFileListPaths = (
				"${PODS_ROOT}/Target Support Files/Pods-native_rn_demo/Pods-native_rn_demo-frameworks-${CONFIGURATION}-output-files.xcfilelist",
			);
			runOnlyForDeploymentPostprocessing = 0;
			shellPath = /bin/sh;
			shellScript = "\"${PODS_ROOT}/Target Support Files/Pods-native_rn_demo/Pods-native_rn_demo-frameworks.sh\"\n";
			showEnvVarsInLog = 0;
		};
/* End PBXShellScriptBuildPhase section */

/* Begin PBXSourcesBuildPhase section */
		1F901EBC28635E3B00313336 /* Sources */ = {
			isa = PBXSourcesBuildPhase;
			buildActionMask = 2147483647;
			files = (
				1F901ED928635E3D00313336 /* main.m in Sources */,
				1F901ECB28635E3B00313336 /* ViewController.m in Sources */,
				1FBAC726286600C2003220A2 /* HLRnRouterManager.m in Sources */,
				1F901ED128635E3B00313336 /* native_rn_demo.xcdatamodeld in Sources */,
				1F901EC528635E3B00313336 /* AppDelegate.m in Sources */,
				1FBAC72D28660417003220A2 /* NavigationManager.m in Sources */,
				1F901EC828635E3B00313336 /* SceneDelegate.m in Sources */,
			);
			runOnlyForDeploymentPostprocessing = 0;
		};
/* End PBXSourcesBuildPhase section */

/* Begin PBXVariantGroup section */
		1F901ECC28635E3B00313336 /* Main.storyboard */ = {
			isa = PBXVariantGroup;
			children = (
				1F901ECD28635E3B00313336 /* Base */,
			);
			name = Main.storyboard;
			sourceTree = "<group>";
		};
		1F901ED428635E3D00313336 /* LaunchScreen.storyboard */ = {
			isa = PBXVariantGroup;
			children = (
				1F901ED528635E3D00313336 /* Base */,
			);
			name = LaunchScreen.storyboard;
			sourceTree = "<group>";
		};
/* End PBXVariantGroup section */

/* Begin XCBuildConfiguration section */
		1F901EDA28635E3D00313336 /* Debug */ = {
			isa = XCBuildConfiguration;
			buildSettings = {
				ALWAYS_SEARCH_USER_PATHS = NO;
				CLANG_ANALYZER_NONNULL = YES;
				CLANG_ANALYZER_NUMBER_OBJECT_CONVERSION = YES_AGGRESSIVE;
				CLANG_CXX_LANGUAGE_STANDARD = "gnu++17";
				CLANG_ENABLE_MODULES = YES;
				CLANG_ENABLE_OBJC_ARC = YES;
				CLANG_ENABLE_OBJC_WEAK = YES;
				CLANG_WARN_BLOCK_CAPTURE_AUTORELEASING = YES;
				CLANG_WARN_BOOL_CONVERSION = YES;
				CLANG_WARN_COMMA = YES;
				CLANG_WARN_CONSTANT_CONVERSION = YES;
				CLANG_WARN_DEPRECATED_OBJC_IMPLEMENTATIONS = YES;
				CLANG_WARN_DIRECT_OBJC_ISA_USAGE = YES_ERROR;
				CLANG_WARN_DOCUMENTATION_COMMENTS = YES;
				CLANG_WARN_EMPTY_BODY = YES;
				CLANG_WARN_ENUM_CONVERSION = YES;
				CLANG_WARN_INFINITE_RECURSION = YES;
				CLANG_WARN_INT_CONVERSION = YES;
				CLANG_WARN_NON_LITERAL_NULL_CONVERSION = YES;
				CLANG_WARN_OBJC_IMPLICIT_RETAIN_SELF = YES;
				CLANG_WARN_OBJC_LITERAL_CONVERSION = YES;
				CLANG_WARN_OBJC_ROOT_CLASS = YES_ERROR;
				CLANG_WARN_QUOTED_INCLUDE_IN_FRAMEWORK_HEADER = YES;
				CLANG_WARN_RANGE_LOOP_ANALYSIS = YES;
				CLANG_WARN_STRICT_PROTOTYPES = YES;
				CLANG_WARN_SUSPICIOUS_MOVE = YES;
				CLANG_WARN_UNGUARDED_AVAILABILITY = YES_AGGRESSIVE;
				CLANG_WARN_UNREACHABLE_CODE = YES;
				CLANG_WARN__DUPLICATE_METHOD_MATCH = YES;
				COPY_PHASE_STRIP = NO;
				DEBUG_INFORMATION_FORMAT = dwarf;
				ENABLE_STRICT_OBJC_MSGSEND = YES;
				ENABLE_TESTABILITY = YES;
				"EXCLUDED_ARCHS[sdk=iphonesimulator*]" = "";
				GCC_C_LANGUAGE_STANDARD = gnu11;
				GCC_DYNAMIC_NO_PIC = NO;
				GCC_NO_COMMON_BLOCKS = YES;
				GCC_OPTIMIZATION_LEVEL = 0;
				GCC_PREPROCESSOR_DEFINITIONS = (
					"DEBUG=1",
					"$(inherited)",
				);
				GCC_WARN_64_TO_32_BIT_CONVERSION = YES;
				GCC_WARN_ABOUT_RETURN_TYPE = YES_ERROR;
				GCC_WARN_UNDECLARED_SELECTOR = YES;
				GCC_WARN_UNINITIALIZED_AUTOS = YES_AGGRESSIVE;
				GCC_WARN_UNUSED_FUNCTION = YES;
				GCC_WARN_UNUSED_VARIABLE = YES;
				IPHONEOS_DEPLOYMENT_TARGET = 15.5;
				MTL_ENABLE_DEBUG_INFO = INCLUDE_SOURCE;
				MTL_FAST_MATH = YES;
				ONLY_ACTIVE_ARCH = YES;
				SDKROOT = iphoneos;
			};
			name = Debug;
		};
		1F901EDB28635E3D00313336 /* Release */ = {
			isa = XCBuildConfiguration;
			buildSettings = {
				ALWAYS_SEARCH_USER_PATHS = NO;
				CLANG_ANALYZER_NONNULL = YES;
				CLANG_ANALYZER_NUMBER_OBJECT_CONVERSION = YES_AGGRESSIVE;
				CLANG_CXX_LANGUAGE_STANDARD = "gnu++17";
				CLANG_ENABLE_MODULES = YES;
				CLANG_ENABLE_OBJC_ARC = YES;
				CLANG_ENABLE_OBJC_WEAK = YES;
				CLANG_WARN_BLOCK_CAPTURE_AUTORELEASING = YES;
				CLANG_WARN_BOOL_CONVERSION = YES;
				CLANG_WARN_COMMA = YES;
				CLANG_WARN_CONSTANT_CONVERSION = YES;
				CLANG_WARN_DEPRECATED_OBJC_IMPLEMENTATIONS = YES;
				CLANG_WARN_DIRECT_OBJC_ISA_USAGE = YES_ERROR;
				CLANG_WARN_DOCUMENTATION_COMMENTS = YES;
				CLANG_WARN_EMPTY_BODY = YES;
				CLANG_WARN_ENUM_CONVERSION = YES;
				CLANG_WARN_INFINITE_RECURSION = YES;
				CLANG_WARN_INT_CONVERSION = YES;
				CLANG_WARN_NON_LITERAL_NULL_CONVERSION = YES;
				CLANG_WARN_OBJC_IMPLICIT_RETAIN_SELF = YES;
				CLANG_WARN_OBJC_LITERAL_CONVERSION = YES;
				CLANG_WARN_OBJC_ROOT_CLASS = YES_ERROR;
				CLANG_WARN_QUOTED_INCLUDE_IN_FRAMEWORK_HEADER = YES;
				CLANG_WARN_RANGE_LOOP_ANALYSIS = YES;
				CLANG_WARN_STRICT_PROTOTYPES = YES;
				CLANG_WARN_SUSPICIOUS_MOVE = YES;
				CLANG_WARN_UNGUARDED_AVAILABILITY = YES_AGGRESSIVE;
				CLANG_WARN_UNREACHABLE_CODE = YES;
				CLANG_WARN__DUPLICATE_METHOD_MATCH = YES;
				COPY_PHASE_STRIP = NO;
				DEBUG_INFORMATION_FORMAT = "dwarf-with-dsym";
				ENABLE_NS_ASSERTIONS = NO;
				ENABLE_STRICT_OBJC_MSGSEND = YES;
				"EXCLUDED_ARCHS[sdk=iphonesimulator*]" = "";
				GCC_C_LANGUAGE_STANDARD = gnu11;
				GCC_NO_COMMON_BLOCKS = YES;
				GCC_WARN_64_TO_32_BIT_CONVERSION = YES;
				GCC_WARN_ABOUT_RETURN_TYPE = YES_ERROR;
				GCC_WARN_UNDECLARED_SELECTOR = YES;
				GCC_WARN_UNINITIALIZED_AUTOS = YES_AGGRESSIVE;
				GCC_WARN_UNUSED_FUNCTION = YES;
				GCC_WARN_UNUSED_VARIABLE = YES;
				IPHONEOS_DEPLOYMENT_TARGET = 15.5;
				MTL_ENABLE_DEBUG_INFO = NO;
				MTL_FAST_MATH = YES;
				SDKROOT = iphoneos;
				VALIDATE_PRODUCT = YES;
			};
			name = Release;
		};
		1F901EDD28635E3D00313336 /* Debug */ = {
			isa = XCBuildConfiguration;
			baseConfigurationReference = E65632DF28386F0CF4A85275 /* Pods-native_rn_demo.debug.xcconfig */;
			buildSettings = {
				ASSETCATALOG_COMPILER_APPICON_NAME = AppIcon;
				ASSETCATALOG_COMPILER_GLOBAL_ACCENT_COLOR_NAME = AccentColor;
				CODE_SIGN_STYLE = Automatic;
				CURRENT_PROJECT_VERSION = 1;
				DEVELOPMENT_TEAM = M7V8J74492;
				GENERATE_INFOPLIST_FILE = YES;
				INFOPLIST_FILE = native_rn_demo/Info.plist;
				INFOPLIST_KEY_UIApplicationSupportsIndirectInputEvents = YES;
				INFOPLIST_KEY_UILaunchStoryboardName = LaunchScreen;
				INFOPLIST_KEY_UIMainStoryboardFile = Main;
				INFOPLIST_KEY_UISupportedInterfaceOrientations_iPad = "UIInterfaceOrientationPortrait UIInterfaceOrientationPortraitUpsideDown UIInterfaceOrientationLandscapeLeft UIInterfaceOrientationLandscapeRight";
				INFOPLIST_KEY_UISupportedInterfaceOrientations_iPhone = "UIInterfaceOrientationPortrait UIInterfaceOrientationLandscapeLeft UIInterfaceOrientationLandscapeRight";
				LD_RUNPATH_SEARCH_PATHS = (
					"$(inherited)",
					"@executable_path/Frameworks",
				);
				MARKETING_VERSION = 1.0;
				PRODUCT_BUNDLE_IDENTIFIER = "com.mannyhuang.RN.demo.native-rn-demo";
				PRODUCT_NAME = "$(TARGET_NAME)";
				SWIFT_EMIT_LOC_STRINGS = YES;
				TARGETED_DEVICE_FAMILY = "1,2";
			};
			name = Debug;
		};
		1F901EDE28635E3D00313336 /* Release */ = {
			isa = XCBuildConfiguration;
			baseConfigurationReference = F007E11908C602A418887850 /* Pods-native_rn_demo.release.xcconfig */;
			buildSettings = {
				ASSETCATALOG_COMPILER_APPICON_NAME = AppIcon;
				ASSETCATALOG_COMPILER_GLOBAL_ACCENT_COLOR_NAME = AccentColor;
				CODE_SIGN_STYLE = Automatic;
				CURRENT_PROJECT_VERSION = 1;
				DEVELOPMENT_TEAM = M7V8J74492;
				GENERATE_INFOPLIST_FILE = YES;
				INFOPLIST_FILE = native_rn_demo/Info.plist;
				INFOPLIST_KEY_UIApplicationSupportsIndirectInputEvents = YES;
				INFOPLIST_KEY_UILaunchStoryboardName = LaunchScreen;
				INFOPLIST_KEY_UIMainStoryboardFile = Main;
				INFOPLIST_KEY_UISupportedInterfaceOrientations_iPad = "UIInterfaceOrientationPortrait UIInterfaceOrientationPortraitUpsideDown UIInterfaceOrientationLandscapeLeft UIInterfaceOrientationLandscapeRight";
				INFOPLIST_KEY_UISupportedInterfaceOrientations_iPhone = "UIInterfaceOrientationPortrait UIInterfaceOrientationLandscapeLeft UIInterfaceOrientationLandscapeRight";
				LD_RUNPATH_SEARCH_PATHS = (
					"$(inherited)",
					"@executable_path/Frameworks",
				);
				MARKETING_VERSION = 1.0;
				PRODUCT_BUNDLE_IDENTIFIER = "com.mannyhuang.RN.demo.native-rn-demo";
				PRODUCT_NAME = "$(TARGET_NAME)";
				SWIFT_EMIT_LOC_STRINGS = YES;
				TARGETED_DEVICE_FAMILY = "1,2";
			};
			name = Release;
		};
/* End XCBuildConfiguration section */

/* Begin XCConfigurationList section */
		1F901EBB28635E3B00313336 /* Build configuration list for PBXProject "native_rn_demo" */ = {
			isa = XCConfigurationList;
			buildConfigurations = (
				1F901EDA28635E3D00313336 /* Debug */,
				1F901EDB28635E3D00313336 /* Release */,
			);
			defaultConfigurationIsVisible = 0;
			defaultConfigurationName = Release;
		};
		1F901EDC28635E3D00313336 /* Build configuration list for PBXNativeTarget "native_rn_demo" */ = {
			isa = XCConfigurationList;
			buildConfigurations = (
				1F901EDD28635E3D00313336 /* Debug */,
				1F901EDE28635E3D00313336 /* Release */,
			);
			defaultConfigurationIsVisible = 0;
			defaultConfigurationName = Release;
		};
/* End XCConfigurationList section */

/* Begin XCVersionGroup section */
		1F901ECF28635E3B00313336 /* native_rn_demo.xcdatamodeld */ = {
			isa = XCVersionGroup;
			children = (
				1F901ED028635E3B00313336 /* native_rn_demo.xcdatamodel */,
			);
			currentVersion = 1F901ED028635E3B00313336 /* native_rn_demo.xcdatamodel */;
			path = native_rn_demo.xcdatamodeld;
			sourceTree = "<group>";
			versionGroupType = wrapper.xcdatamodel;
		};
/* End XCVersionGroup section */
	};
	rootObject = 1F901EB828635E3B00313336 /* Project object */;
}
